
Microsoft Visual Studio Solution File, Format Version 12.00
# Visual Studio Version 16
VisualStudioVersion = 16.0.29215.179
MinimumVisualStudioVersion = 10.0.40219.1
Project("{FAE04EC0-301F-11D3-BF4B-00C04F79EFBC}") = "MikuBinary", "MikuBinary\MikuBinary.csproj", "{A7736D61-8D77-4AB9-8A5F-48C17018B955}"
EndProject
Global
	GlobalSection(SolutionConfigurationPlatforms) = preSolution
		Debug|Any CPU = Debug|Any CPU
		Release|Any CPU = Release|Any CPU
	EndGlobalSection
	GlobalSection(ProjectConfigurationPlatforms) = postSolution
		{A7736D61-8D77-4AB9-8A5F-48C17018B955}.Debug|Any CPU.ActiveCfg = Debug|Any CPU
		{A7736D61-8D77-4AB9-8A5F-48C17018B955}.Debug|Any CPU.Build.0 = Debug|Any CPU
		{A7736D61-8D77-4AB9-8A5F-48C17018B955}.Release|Any CPU.ActiveCfg = Release|Any CPU
		{A7736D61-8D77-4AB9-8A5F-48C17018B955}.Release|Any CPU.Build.0 = Release|Any CPU
	EndGlobalSection
	GlobalSection(SolutionProperties) = preSolution
		HideSolutionNode = FALSE
	EndGlobalSection
	GlobalSection(ExtensibilityGlobals) = postSolution
		SolutionGuid = {38464685-A1C1-47C9-BE48-2802208AB30D}
	EndGlobalSection
EndGlobal
