
Microsoft Visual Studio Solution File, Format Version 12.00
# Visual Studio 15
VisualStudioVersion = 15.0.28307.489
MinimumVisualStudioVersion = 10.0.40219.1
Project("{FAE04EC0-301F-11D3-BF4B-00C04F79EFBC}") = "LuaProfilerWinform", "TreeGridView\LuaProfilerWinform.csproj", "{2EC32C6E-A94E-43D4-AAD4-4701E27B2C0A}"
	ProjectSection(ProjectDependencies) = postProject
		{95E6AA00-47C3-4B1F-9F18-21164573D89C} = {95E6AA00-47C3-4B1F-9F18-21164573D89C}
	EndProjectSection
EndProject
Project("{FAE04EC0-301F-11D3-BF4B-00C04F79EFBC}") = "HookLib", "TreeGridView\HookLib\HookLib.csproj", "{95E6AA00-47C3-4B1F-9F18-21164573D89C}"
EndProject
Global
	GlobalSection(SolutionConfigurationPlatforms) = preSolution
		Debug|Any CPU = Debug|Any CPU
		Release|Any CPU = Release|Any CPU
	EndGlobalSection
	GlobalSection(ProjectConfigurationPlatforms) = postSolution
		{2EC32C6E-A94E-43D4-AAD4-4701E27B2C0A}.Debug|Any CPU.ActiveCfg = Debug|Any CPU
		{2EC32C6E-A94E-43D4-AAD4-4701E27B2C0A}.Debug|Any CPU.Build.0 = Debug|Any CPU
		{2EC32C6E-A94E-43D4-AAD4-4701E27B2C0A}.Release|Any CPU.ActiveCfg = Release|Any CPU
		{2EC32C6E-A94E-43D4-AAD4-4701E27B2C0A}.Release|Any CPU.Build.0 = Release|Any CPU
		{95E6AA00-47C3-4B1F-9F18-21164573D89C}.Debug|Any CPU.ActiveCfg = Debug|Any CPU
		{95E6AA00-47C3-4B1F-9F18-21164573D89C}.Debug|Any CPU.Build.0 = Debug|Any CPU
		{95E6AA00-47C3-4B1F-9F18-21164573D89C}.Release|Any CPU.ActiveCfg = Release|Any CPU
		{95E6AA00-47C3-4B1F-9F18-21164573D89C}.Release|Any CPU.Build.0 = Release|Any CPU
	EndGlobalSection
	GlobalSection(SolutionProperties) = preSolution
		HideSolutionNode = FALSE
	EndGlobalSection
	GlobalSection(ExtensibilityGlobals) = postSolution
		SolutionGuid = {3CB64C7C-D277-4A47-A3F3-1C903556AABF}
	EndGlobalSection
EndGlobal
